
Microsoft Visual Studio Solution File, Format Version 12.00
# Visual Studio 2013
VisualStudioVersion = 12.0.40629.0
MinimumVisualStudioVersion = 10.0.40219.1
Project("{FAE04EC0-301F-11D3-BF4B-00C04F79EFBC}") = "xwSearchLib", "xwSearchLib\xwSearchLib.csproj", "{8509CC65-4B06-4864-BD81-2223AD7B50DF}"
EndProject
Project("{FAE04EC0-301F-11D3-BF4B-00C04F79EFBC}") = "xwConsole", "xwConsole\xwConsole.csproj", "{D499F698-BD26-4DCC-8D64-124D0E213706}"
EndProject
Project("{FAE04EC0-301F-11D3-BF4B-00C04F79EFBC}") = "xwWebApp", "xwWebApp\xwWebApp.csproj", "{971D60EF-F2CF-4115-A7EE-29B6CD4BA1FB}"
EndProject
Global
	GlobalSection(SolutionConfigurationPlatforms) = preSolution
		Debug|Any CPU = Debug|Any CPU
		Release|Any CPU = Release|Any CPU
	EndGlobalSection
	GlobalSection(ProjectConfigurationPlatforms) = postSolution
		{8509CC65-4B06-4864-BD81-2223AD7B50DF}.Debug|Any CPU.ActiveCfg = Debug|Any CPU
		{8509CC65-4B06-4864-BD81-2223AD7B50DF}.Debug|Any CPU.Build.0 = Debug|Any CPU
		{8509CC65-4B06-4864-BD81-2223AD7B50DF}.Release|Any CPU.ActiveCfg = Release|Any CPU
		{8509CC65-4B06-4864-BD81-2223AD7B50DF}.Release|Any CPU.Build.0 = Release|Any CPU
		{D499F698-BD26-4DCC-8D64-124D0E213706}.Debug|Any CPU.ActiveCfg = Debug|Any CPU
		{D499F698-BD26-4DCC-8D64-124D0E213706}.Debug|Any CPU.Build.0 = Debug|Any CPU
		{D499F698-BD26-4DCC-8D64-124D0E213706}.Release|Any CPU.ActiveCfg = Release|Any CPU
		{D499F698-BD26-4DCC-8D64-124D0E213706}.Release|Any CPU.Build.0 = Release|Any CPU
		{971D60EF-F2CF-4115-A7EE-29B6CD4BA1FB}.Debug|Any CPU.ActiveCfg = Debug|Any CPU
		{971D60EF-F2CF-4115-A7EE-29B6CD4BA1FB}.Debug|Any CPU.Build.0 = Debug|Any CPU
		{971D60EF-F2CF-4115-A7EE-29B6CD4BA1FB}.Release|Any CPU.ActiveCfg = Release|Any CPU
		{971D60EF-F2CF-4115-A7EE-29B6CD4BA1FB}.Release|Any CPU.Build.0 = Release|Any CPU
	EndGlobalSection
	GlobalSection(SolutionProperties) = preSolution
		HideSolutionNode = FALSE
	EndGlobalSection
EndGlobal
